
Microsoft Visual Studio Solution File, Format Version 12.00
# Visual Studio Version 17
VisualStudioVersion = 17.8.34330.188
MinimumVisualStudioVersion = 10.0.40219.1
Project("{FAE04EC0-301F-11D3-BF4B-00C04F79EFBC}") = "discord rpc", "discord rpc.csproj", "{8763BDA4-5344-411B-89B7-BC6AC5A05F0E}"
EndProject
Global
	GlobalSection(SolutionConfigurationPlatforms) = preSolution
		Debug|Any CPU = Debug|Any CPU
		Release|Any CPU = Release|Any CPU
	EndGlobalSection
	GlobalSection(ProjectConfigurationPlatforms) = postSolution
		{8763BDA4-5344-411B-89B7-BC6AC5A05F0E}.Debug|Any CPU.ActiveCfg = Debug|Any CPU
		{8763BDA4-5344-411B-89B7-BC6AC5A05F0E}.Debug|Any CPU.Build.0 = Debug|Any CPU
		{8763BDA4-5344-411B-89B7-BC6AC5A05F0E}.Release|Any CPU.ActiveCfg = Release|Any CPU
		{8763BDA4-5344-411B-89B7-BC6AC5A05F0E}.Release|Any CPU.Build.0 = Release|Any CPU
	EndGlobalSection
	GlobalSection(SolutionProperties) = preSolution
		HideSolutionNode = FALSE
	EndGlobalSection
	GlobalSection(ExtensibilityGlobals) = postSolution
		SolutionGuid = {867626E9-199D-44CD-8575-2DD56F3D06B3}
	EndGlobalSection
EndGlobal
